// !$*UTF8*$!
{
	archiveVersion = 1;
	classes = {
	};
	objectVersion = 46;
	objects = {

/* Begin PBXBuildFile section */
		A596ECAE18CE479C00139696 /* Foundation.framework in Frameworks */ = {isa = PBXBuildFile; fileRef = A596ECAD18CE479C00139696 /* Foundation.framework */; };
		A596ECB018CE479C00139696 /* CoreGraphics.framework in Frameworks */ = {isa = PBXBuildFile; fileRef = A596ECAF18CE479C00139696 /* CoreGraphics.framework */; };
		A596ECB218CE479C00139696 /* UIKit.framework in Frameworks */ = {isa = PBXBuildFile; fileRef = A596ECB118CE479C00139696 /* UIKit.framework */; };
		A596ECB818CE479C00139696 /* InfoPlist.strings in Resources */ = {isa = PBXBuildFile; fileRef = A596ECB618CE479C00139696 /* InfoPlist.strings */; };
		A596ECBA18CE479C00139696 /* main.m in Sources */ = {isa = PBXBuildFile; fileRef = A596ECB918CE479C00139696 /* main.m */; };
		A596ECBE18CE479C00139696 /* TTAppDelegate.m in Sources */ = {isa = PBXBuildFile; fileRef = A596ECBD18CE479C00139696 /* TTAppDelegate.m */; };
		A596ECC118CE479C00139696 /* Main.storyboard in Resources */ = {isa = PBXBuildFile; fileRef = A596ECBF18CE479C00139696 /* Main.storyboard */; };
		A596ECC418CE479C00139696 /* TTViewController.m in Sources */ = {isa = PBXBuildFile; fileRef = A596ECC318CE479C00139696 /* TTViewController.m */; };
		A596ECC618CE479C00139696 /* Images.xcassets in Resources */ = {isa = PBXBuildFile; fileRef = A596ECC518CE479C00139696 /* Images.xcassets */; };
		A596ECCD18CE479C00139696 /* XCTest.framework in Frameworks */ = {isa = PBXBuildFile; fileRef = A596ECCC18CE479C00139696 /* XCTest.framework */; };
		A596ECCE18CE479C00139696 /* Foundation.framework in Frameworks */ = {isa = PBXBuildFile; fileRef = A596ECAD18CE479C00139696 /* Foundation.framework */; };
		A596ECCF18CE479C00139696 /* UIKit.framework in Frameworks */ = {isa = PBXBuildFile; fileRef = A596ECB118CE479C00139696 /* UIKit.framework */; };
		A596ECD718CE479C00139696 /* InfoPlist.strings in Resources */ = {isa = PBXBuildFile; fileRef = A596ECD518CE479C00139696 /* InfoPlist.strings */; };
		A596ECD918CE479C00139696 /* DrawingsTests.m in Sources */ = {isa = PBXBuildFile; fileRef = A596ECD818CE479C00139696 /* DrawingsTests.m */; };
		A5B1E85618D7B2E1002EE5D3 /* TTDrawStar.m in Sources */ = {isa = PBXBuildFile; fileRef = A5B1E85518D7B2E1002EE5D3 /* TTDrawStar.m */; };
/* End PBXBuildFile section */

/* Begin PBXContainerItemProxy section */
		A596ECD018CE479C00139696 /* PBXContainerItemProxy */ = {
			isa = PBXContainerItemProxy;
			containerPortal = A596ECA218CE479C00139696 /* Project object */;
			proxyType = 1;
			remoteGlobalIDString = A596ECA918CE479C00139696;
			remoteInfo = Drawings;
		};
/* End PBXContainerItemProxy section */

/* Begin PBXFileReference section */
		A596ECAA18CE479C00139696 /* Drawings.app */ = {isa = PBXFileReference; explicitFileType = wrapper.application; includeInIndex = 0; path = Drawings.app; sourceTree = BUILT_PRODUCTS_DIR; };
		A596ECAD18CE479C00139696 /* Foundation.framework */ = {isa = PBXFileReference; lastKnownFileType = wrapper.framework; name = Foundation.framework; path = System/Library/Frameworks/Foundation.framework; sourceTree = SDKROOT; };
		A596ECAF18CE479C00139696 /* CoreGraphics.framework */ = {isa = PBXFileReference; lastKnownFileType = wrapper.framework; name = CoreGraphics.framework; path = System/Library/Frameworks/CoreGraphics.framework; sourceTree = SDKROOT; };
		A596ECB118CE479C00139696 /* UIKit.framework */ = {isa = PBXFileReference; lastKnownFileType = wrapper.framework; name = UIKit.framework; path = System/Library/Frameworks/UIKit.framework; sourceTree = SDKROOT; };
		A596ECB518CE479C00139696 /* Drawings-Info.plist */ = {isa = PBXFileReference; lastKnownFileType = text.plist.xml; path = "Drawings-Info.plist"; sourceTree = "<group>"; };
		A596ECB718CE479C00139696 /* en */ = {isa = PBXFileReference; lastKnownFileType = text.plist.strings; name = en; path = en.lproj/InfoPlist.strings; sourceTree = "<group>"; };
		A596ECB918CE479C00139696 /* main.m */ = {isa = PBXFileReference; lastKnownFileType = sourcecode.c.objc; path = main.m; sourceTree = "<group>"; };
		A596ECBB18CE479C00139696 /* Drawings-Prefix.pch */ = {isa = PBXFileReference; lastKnownFileType = sourcecode.c.h; path = "Drawings-Prefix.pch"; sourceTree = "<group>"; };
		A596ECBC18CE479C00139696 /* TTAppDelegate.h */ = {isa = PBXFileReference; lastKnownFileType = sourcecode.c.h; path = TTAppDelegate.h; sourceTree = "<group>"; };
		A596ECBD18CE479C00139696 /* TTAppDelegate.m */ = {isa = PBXFileReference; lastKnownFileType = sourcecode.c.objc; path = TTAppDelegate.m; sourceTree = "<group>"; };
		A596ECC018CE479C00139696 /* Base */ = {isa = PBXFileReference; lastKnownFileType = file.storyboard; name = Base; path = Base.lproj/Main.storyboard; sourceTree = "<group>"; };
		A596ECC218CE479C00139696 /* TTViewController.h */ = {isa = PBXFileReference; lastKnownFileType = sourcecode.c.h; path = TTViewController.h; sourceTree = "<group>"; };
		A596ECC318CE479C00139696 /* TTViewController.m */ = {isa = PBXFileReference; lastKnownFileType = sourcecode.c.objc; path = TTViewController.m; sourceTree = "<group>"; };
		A596ECC518CE479C00139696 /* Images.xcassets */ = {isa = PBXFileReference; lastKnownFileType = folder.assetcatalog; path = Images.xcassets; sourceTree = "<group>"; };
		A596ECCB18CE479C00139696 /* DrawingsTests.xctest */ = {isa = PBXFileReference; explicitFileType = wrapper.cfbundle; includeInIndex = 0; path = DrawingsTests.xctest; sourceTree = BUILT_PRODUCTS_DIR; };
		A596ECCC18CE479C00139696 /* XCTest.framework */ = {isa = PBXFileReference; lastKnownFileType = wrapper.framework; name = XCTest.framework; path = Library/Frameworks/XCTest.framework; sourceTree = DEVELOPER_DIR; };
		A596ECD418CE479C00139696 /* DrawingsTests-Info.plist */ = {isa = PBXFileReference; lastKnownFileType = text.plist.xml; path = "DrawingsTests-Info.plist"; sourceTree = "<group>"; };
		A596ECD618CE479C00139696 /* en */ = {isa = PBXFileReference; lastKnownFileType = text.plist.strings; name = en; path = en.lproj/InfoPlist.strings; sourceTree = "<group>"; };
		A596ECD818CE479C00139696 /* DrawingsTests.m */ = {isa = PBXFileReference; lastKnownFileType = sourcecode.c.objc; path = DrawingsTests.m; sourceTree = "<group>"; };
		A5B1E85418D7B2E1002EE5D3 /* TTDrawStar.h */ = {isa = PBXFileReference; fileEncoding = 4; lastKnownFileType = sourcecode.c.h; path = TTDrawStar.h; sourceTree = "<group>"; };
		A5B1E85518D7B2E1002EE5D3 /* TTDrawStar.m */ = {isa = PBXFileReference; fileEncoding = 4; lastKnownFileType = sourcecode.c.objc; path = TTDrawStar.m; sourceTree = "<group>"; };
/* End PBXFileReference section */

/* Begin PBXFrameworksBuildPhase section */
		A596ECA718CE479C00139696 /* Frameworks */ = {
			isa = PBXFrameworksBuildPhase;
			buildActionMask = 2147483647;
			files = (
				A596ECB018CE479C00139696 /* CoreGraphics.framework in Frameworks */,
				A596ECB218CE479C00139696 /* UIKit.framework in Frameworks */,
				A596ECAE18CE479C00139696 /* Foundation.framework in Frameworks */,
			);
			runOnlyForDeploymentPostprocessing = 0;
		};
		A596ECC818CE479C00139696 /* Frameworks */ = {
			isa = PBXFrameworksBuildPhase;
			buildActionMask = 2147483647;
			files = (
				A596ECCD18CE479C00139696 /* XCTest.framework in Frameworks */,
				A596ECCF18CE479C00139696 /* UIKit.framework in Frameworks */,
				A596ECCE18CE479C00139696 /* Foundation.framework in Frameworks */,
			);
			runOnlyForDeploymentPostprocessing = 0;
		};
/* End PBXFrameworksBuildPhase section */

/* Begin PBXGroup section */
		A596ECA118CE479C00139696 = {
			isa = PBXGroup;
			children = (
				A596ECB318CE479C00139696 /* Drawings */,
				A596ECD218CE479C00139696 /* DrawingsTests */,
				A596ECAC18CE479C00139696 /* Frameworks */,
				A596ECAB18CE479C00139696 /* Products */,
			);
			sourceTree = "<group>";
		};
		A596ECAB18CE479C00139696 /* Products */ = {
			isa = PBXGroup;
			children = (
				A596ECAA18CE479C00139696 /* Drawings.app */,
				A596ECCB18CE479C00139696 /* DrawingsTests.xctest */,
			);
			name = Products;
			sourceTree = "<group>";
		};
		A596ECAC18CE479C00139696 /* Frameworks */ = {
			isa = PBXGroup;
			children = (
				A596ECAD18CE479C00139696 /* Foundation.framework */,
				A596ECAF18CE479C00139696 /* CoreGraphics.framework */,
				A596ECB118CE479C00139696 /* UIKit.framework */,
				A596ECCC18CE479C00139696 /* XCTest.framework */,
			);
			name = Frameworks;
			sourceTree = "<group>";
		};
		A596ECB318CE479C00139696 /* Drawings */ = {
			isa = PBXGroup;
			children = (
				A596ECBC18CE479C00139696 /* TTAppDelegate.h */,
				A596ECBD18CE479C00139696 /* TTAppDelegate.m */,
				A596ECBF18CE479C00139696 /* Main.storyboard */,
				A596ECC218CE479C00139696 /* TTViewController.h */,
				A596ECC318CE479C00139696 /* TTViewController.m */,
				A5B1E85418D7B2E1002EE5D3 /* TTDrawStar.h */,
				A5B1E85518D7B2E1002EE5D3 /* TTDrawStar.m */,
				A596ECC518CE479C00139696 /* Images.xcassets */,
				A596ECB418CE479C00139696 /* Supporting Files */,
			);
			path = Drawings;
			sourceTree = "<group>";
		};
		A596ECB418CE479C00139696 /* Supporting Files */ = {
			isa = PBXGroup;
			children = (
				A596ECB518CE479C00139696 /* Drawings-Info.plist */,
				A596ECB618CE479C00139696 /* InfoPlist.strings */,
				A596ECB918CE479C00139696 /* main.m */,
				A596ECBB18CE479C00139696 /* Drawings-Prefix.pch */,
			);
			name = "Supporting Files";
			sourceTree = "<group>";
		};
		A596ECD218CE479C00139696 /* DrawingsTests */ = {
			isa = PBXGroup;
			children = (
				A596ECD818CE479C00139696 /* DrawingsTests.m */,
				A596ECD318CE479C00139696 /* Supporting Files */,
			);
			path = DrawingsTests;
			sourceTree = "<group>";
		};
		A596ECD318CE479C00139696 /* Supporting Files */ = {
			isa = PBXGroup;
			children = (
				A596ECD418CE479C00139696 /* DrawingsTests-Info.plist */,
				A596ECD518CE479C00139696 /* InfoPlist.strings */,
			);
			name = "Supporting Files";
			sourceTree = "<group>";
		};
/* End PBXGroup section */

/* Begin PBXNativeTarget section */
		A596ECA918CE479C00139696 /* Drawings */ = {
			isa = PBXNativeTarget;
			buildConfigurationList = A596ECDC18CE479C00139696 /* Build configuration list for PBXNativeTarget "Drawings" */;
			buildPhases = (
				A596ECA618CE479C00139696 /* Sources */,
				A596ECA718CE479C00139696 /* Frameworks */,
				A596ECA818CE479C00139696 /* Resources */,
			);
			buildRules = (
			);
			dependencies = (
			);
			name = Drawings;
			productName = Drawings;
			productReference = A596ECAA18CE479C00139696 /* Drawings.app */;
			productType = "com.apple.product-type.application";
		};
		A596ECCA18CE479C00139696 /* DrawingsTests */ = {
			isa = PBXNativeTarget;
			buildConfigurationList = A596ECDF18CE479C00139696 /* Build configuration list for PBXNativeTarget "DrawingsTests" */;
			buildPhases = (
				A596ECC718CE479C00139696 /* Sources */,
				A596ECC818CE479C00139696 /* Frameworks */,
				A596ECC918CE479C00139696 /* Resources */,
			);
			buildRules = (
			);
			dependencies = (
				A596ECD118CE479C00139696 /* PBXTargetDependency */,
			);
			name = DrawingsTests;
			productName = DrawingsTests;
			productReference = A596ECCB18CE479C00139696 /* DrawingsTests.xctest */;
			productType = "com.apple.product-type.bundle.unit-test";
		};
/* End PBXNativeTarget section */

/* Begin PBXProject section */
		A596ECA218CE479C00139696 /* Project object */ = {
			isa = PBXProject;
			attributes = {
				CLASSPREFIX = TT;
				LastUpgradeCheck = 0510;
				ORGANIZATIONNAME = sergey;
				TargetAttributes = {
					A596ECCA18CE479C00139696 = {
						TestTargetID = A596ECA918CE479C00139696;
					};
				};
			};
			buildConfigurationList = A596ECA518CE479C00139696 /* Build configuration list for PBXProject "Drawings" */;
			compatibilityVersion = "Xcode 3.2";
			developmentRegion = English;
			hasScannedForEncodings = 0;
			knownRegions = (
				en,
				Base,
			);
			mainGroup = A596ECA118CE479C00139696;
			productRefGroup = A596ECAB18CE479C00139696 /* Products */;
			projectDirPath = "";
			projectRoot = "";
			targets = (
				A596ECA918CE479C00139696 /* Drawings */,
				A596ECCA18CE479C00139696 /* DrawingsTests */,
			);
		};
/* End PBXProject section */

/* Begin PBXResourcesBuildPhase section */
		A596ECA818CE479C00139696 /* Resources */ = {
			isa = PBXResourcesBuildPhase;
			buildActionMask = 2147483647;
			files = (
				A596ECC618CE479C00139696 /* Images.xcassets in Resources */,
				A596ECB818CE479C00139696 /* InfoPlist.strings in Resources */,
				A596ECC118CE479C00139696 /* Main.storyboard in Resources */,
			);
			runOnlyForDeploymentPostprocessing = 0;
		};
		A596ECC918CE479C00139696 /* Resources */ = {
			isa = PBXResourcesBuildPhase;
			buildActionMask = 2147483647;
			files = (
				A596ECD718CE479C00139696 /* InfoPlist.strings in Resources */,
			);
			runOnlyForDeploymentPostprocessing = 0;
		};
/* End PBXResourcesBuildPhase section */

/* Begin PBXSourcesBuildPhase section */
		A596ECA618CE479C00139696 /* Sources */ = {
			isa = PBXSourcesBuildPhase;
			buildActionMask = 2147483647;
			files = (
				A596ECBE18CE479C00139696 /* TTAppDelegate.m in Sources */,
				A596ECBA18CE479C00139696 /* main.m in Sources */,
				A596ECC418CE479C00139696 /* TTViewController.m in Sources */,
				A5B1E85618D7B2E1002EE5D3 /* TTDrawStar.m in Sources */,
			);
			runOnlyForDeploymentPostprocessing = 0;
		};
		A596ECC718CE479C00139696 /* Sources */ = {
			isa = PBXSourcesBuildPhase;
			buildActionMask = 2147483647;
			files = (
				A596ECD918CE479C00139696 /* DrawingsTests.m in Sources */,
			);
			runOnlyForDeploymentPostprocessing = 0;
		};
/* End PBXSourcesBuildPhase section */

/* Begin PBXTargetDependency section */
		A596ECD118CE479C00139696 /* PBXTargetDependency */ = {
			isa = PBXTargetDependency;
			target = A596ECA918CE479C00139696 /* Drawings */;
			targetProxy = A596ECD018CE479C00139696 /* PBXContainerItemProxy */;
		};
/* End PBXTargetDependency section */

/* Begin PBXVariantGroup section */
		A596ECB618CE479C00139696 /* InfoPlist.strings */ = {
			isa = PBXVariantGroup;
			children = (
				A596ECB718CE479C00139696 /* en */,
			);
			name = InfoPlist.strings;
			sourceTree = "<group>";
		};
		A596ECBF18CE479C00139696 /* Main.storyboard */ = {
			isa = PBXVariantGroup;
			children = (
				A596ECC018CE479C00139696 /* Base */,
			);
			name = Main.storyboard;
			sourceTree = "<group>";
		};
		A596ECD518CE479C00139696 /* InfoPlist.strings */ = {
			isa = PBXVariantGroup;
			children = (
				A596ECD618CE479C00139696 /* en */,
			);
			name = InfoPlist.strings;
			sourceTree = "<group>";
		};
/* End PBXVariantGroup section */

/* Begin XCBuildConfiguration section */
		A596ECDA18CE479C00139696 /* Debug */ = {
			isa = XCBuildConfiguration;
			buildSettings = {
				ALWAYS_SEARCH_USER_PATHS = NO;
				CLANG_CXX_LANGUAGE_STANDARD = "gnu++0x";
				CLANG_CXX_LIBRARY = "libc++";
				CLANG_ENABLE_MODULES = YES;
				CLANG_ENABLE_OBJC_ARC = YES;
				CLANG_WARN_BOOL_CONVERSION = YES;
				CLANG_WARN_CONSTANT_CONVERSION = YES;
				CLANG_WARN_DIRECT_OBJC_ISA_USAGE = YES_ERROR;
				CLANG_WARN_EMPTY_BODY = YES;
				CLANG_WARN_ENUM_CONVERSION = YES;
				CLANG_WARN_INT_CONVERSION = YES;
				CLANG_WARN_OBJC_ROOT_CLASS = YES_ERROR;
				CLANG_WARN__DUPLICATE_METHOD_MATCH = YES;
				"CODE_SIGN_IDENTITY[sdk=iphoneos*]" = "iPhone Developer";
				COPY_PHASE_STRIP = NO;
				GCC_C_LANGUAGE_STANDARD = gnu99;
				GCC_DYNAMIC_NO_PIC = NO;
				GCC_OPTIMIZATION_LEVEL = 0;
				GCC_PREPROCESSOR_DEFINITIONS = (
					"DEBUG=1",
					"$(inherited)",
				);
				GCC_SYMBOLS_PRIVATE_EXTERN = NO;
				GCC_WARN_64_TO_32_BIT_CONVERSION = YES;
				GCC_WARN_ABOUT_RETURN_TYPE = YES_ERROR;
				GCC_WARN_UNDECLARED_SELECTOR = YES;
				GCC_WARN_UNINITIALIZED_AUTOS = YES;
				GCC_WARN_UNUSED_FUNCTION = YES;
				GCC_WARN_UNUSED_VARIABLE = YES;
				IPHONEOS_DEPLOYMENT_TARGET = 7.0;
				ONLY_ACTIVE_ARCH = YES;
				SDKROOT = iphoneos;
				TARGETED_DEVICE_FAMILY = 2;
			};
			name = Debug;
		};
		A596ECDB18CE479C00139696 /* Release */ = {
			isa = XCBuildConfiguration;
			buildSettings = {
				ALWAYS_SEARCH_USER_PATHS = NO;
				CLANG_CXX_LANGUAGE_STANDARD = "gnu++0x";
				CLANG_CXX_LIBRARY = "libc++";
				CLANG_ENABLE_MODULES = YES;
				CLANG_ENABLE_OBJC_ARC = YES;
				CLANG_WARN_BOOL_CONVERSION = YES;
				CLANG_WARN_CONSTANT_CONVERSION = YES;
				CLANG_WARN_DIRECT_OBJC_ISA_USAGE = YES_ERROR;
				CLANG_WARN_EMPTY_BODY = YES;
				CLANG_WARN_ENUM_CONVERSION = YES;
				CLANG_WARN_INT_CONVERSION = YES;
				CLANG_WARN_OBJC_ROOT_CLASS = YES_ERROR;
				CLANG_WARN__DUPLICATE_METHOD_MATCH = YES;
				"CODE_SIGN_IDENTITY[sdk=iphoneos*]" = "iPhone Developer";
				COPY_PHASE_STRIP = YES;
				ENABLE_NS_ASSERTIONS = NO;
				GCC_C_LANGUAGE_STANDARD = gnu99;
				GCC_WARN_64_TO_32_BIT_CONVERSION = YES;
				GCC_WARN_ABOUT_RETURN_TYPE = YES_ERROR;
				GCC_WARN_UNDECLARED_SELECTOR = YES;
				GCC_WARN_UNINITIALIZED_AUTOS = YES;
				GCC_WARN_UNUSED_FUNCTION = YES;
				GCC_WARN_UNUSED_VARIABLE = YES;
				IPHONEOS_DEPLOYMENT_TARGET = 7.0;
				SDKROOT = iphoneos;
				TARGETED_DEVICE_FAMILY = 2;
				VALIDATE_PRODUCT = YES;
			};
			name = Release;
		};
		A596ECDD18CE479C00139696 /* Debug */ = {
			isa = XCBuildConfiguration;
			buildSettings = {
				ASSETCATALOG_COMPILER_APPICON_NAME = AppIcon;
				ASSETCATALOG_COMPILER_LAUNCHIMAGE_NAME = LaunchImage;
				GCC_PRECOMPILE_PREFIX_HEADER = YES;
				GCC_PREFIX_HEADER = "Drawings/Drawings-Prefix.pch";
				INFOPLIST_FILE = "Drawings/Drawings-Info.plist";
				PRODUCT_NAME = "$(TARGET_NAME)";
				WRAPPER_EXTENSION = app;
			};
			name = Debug;
		};
		A596ECDE18CE479C00139696 /* Release */ = {
			isa = XCBuildConfiguration;
			buildSettings = {
				ASSETCATALOG_COMPILER_APPICON_NAME = AppIcon;
				ASSETCATALOG_COMPILER_LAUNCHIMAGE_NAME = LaunchImage;
				GCC_PRECOMPILE_PREFIX_HEADER = YES;
				GCC_PREFIX_HEADER = "Drawings/Drawings-Prefix.pch";
				INFOPLIST_FILE = "Drawings/Drawings-Info.plist";
				PRODUCT_NAME = "$(TARGET_NAME)";
				WRAPPER_EXTENSION = app;
			};
			name = Release;
		};
		A596ECE018CE479C00139696 /* Debug */ = {
			isa = XCBuildConfiguration;
			buildSettings = {
				BUNDLE_LOADER = "$(BUILT_PRODUCTS_DIR)/Drawings.app/Drawings";
				FRAMEWORK_SEARCH_PATHS = (
					"$(SDKROOT)/Developer/Library/Frameworks",
					"$(inherited)",
					"$(DEVELOPER_FRAMEWORKS_DIR)",
				);
				GCC_PRECOMPILE_PREFIX_HEADER = YES;
				GCC_PREFIX_HEADER = "Drawings/Drawings-Prefix.pch";
				GCC_PREPROCESSOR_DEFINITIONS = (
					"DEBUG=1",
					"$(inherited)",
				);
				INFOPLIST_FILE = "DrawingsTests/DrawingsTests-Info.plist";
				PRODUCT_NAME = "$(TARGET_NAME)";
				TEST_HOST = "$(BUNDLE_LOADER)";
				WRAPPER_EXTENSION = xctest;
			};
			name = Debug;
		};
		A596ECE118CE479C00139696 /* Release */ = {
			isa = XCBuildConfiguration;
			buildSettings = {
				BUNDLE_LOADER = "$(BUILT_PRODUCTS_DIR)/Drawings.app/Drawings";
				FRAMEWORK_SEARCH_PATHS = (
					"$(SDKROOT)/Developer/Library/Frameworks",
					"$(inherited)",
					"$(DEVELOPER_FRAMEWORKS_DIR)",
				);
				GCC_PRECOMPILE_PREFIX_HEADER = YES;
				GCC_PREFIX_HEADER = "Drawings/Drawings-Prefix.pch";
				INFOPLIST_FILE = "DrawingsTests/DrawingsTests-Info.plist";
				PRODUCT_NAME = "$(TARGET_NAME)";
				TEST_HOST = "$(BUNDLE_LOADER)";
				WRAPPER_EXTENSION = xctest;
			};
			name = Release;
		};
/* End XCBuildConfiguration section */

/* Begin XCConfigurationList section */
		A596ECA518CE479C00139696 /* Build configuration list for PBXProject "Drawings" */ = {
			isa = XCConfigurationList;
			buildConfigurations = (
				A596ECDA18CE479C00139696 /* Debug */,
				A596ECDB18CE479C00139696 /* Release */,
			);
			defaultConfigurationIsVisible = 0;
			defaultConfigurationName = Release;
		};
		A596ECDC18CE479C00139696 /* Build configuration list for PBXNativeTarget "Drawings" */ = {
			isa = XCConfigurationList;
			buildConfigurations = (
				A596ECDD18CE479C00139696 /* Debug */,
				A596ECDE18CE479C00139696 /* Release */,
			);
			defaultConfigurationIsVisible = 0;
			defaultConfigurationName = Release;
		};
		A596ECDF18CE479C00139696 /* Build configuration list for PBXNativeTarget "DrawingsTests" */ = {
			isa = XCConfigurationList;
			buildConfigurations = (
				A596ECE018CE479C00139696 /* Debug */,
				A596ECE118CE479C00139696 /* Release */,
			);
			defaultConfigurationIsVisible = 0;
			defaultConfigurationName = Release;
		};
/* End XCConfigurationList section */
	};
	rootObject = A596ECA218CE479C00139696 /* Project object */;
}
